// !$*UTF8*$!
{
	archiveVersion = 1;
	classes = {
	};
	objectVersion = 55;
	objects = {

/* Begin PBXBuildFile section */
		18878BA72B37CF7B006F9CA4 /* AppDelegate.swift in Sources */ = {isa = PBXBuildFile; fileRef = 18878BA62B37CF7B006F9CA4 /* AppDelegate.swift */; };
		18878BA92B37CF7B006F9CA4 /* SceneDelegate.swift in Sources */ = {isa = PBXBuildFile; fileRef = 18878BA82B37CF7B006F9CA4 /* SceneDelegate.swift */; };
		18878BAB2B37CF7B006F9CA4 /* ViewController.swift in Sources */ = {isa = PBXBuildFile; fileRef = 18878BAA2B37CF7B006F9CA4 /* ViewController.swift */; };
		18878BAE2B37CF7B006F9CA4 /* Main.storyboard in Resources */ = {isa = PBXBuildFile; fileRef = 18878BAC2B37CF7B006F9CA4 /* Main.storyboard */; };
		18878BB02B37CF7F006F9CA4 /* Assets.xcassets in Resources */ = {isa = PBXBuildFile; fileRef = 18878BAF2B37CF7F006F9CA4 /* Assets.xcassets */; };
		18878BB32B37CF7F006F9CA4 /* LaunchScreen.storyboard in Resources */ = {isa = PBXBuildFile; fileRef = 18878BB12B37CF7F006F9CA4 /* LaunchScreen.storyboard */; };
		18878BBB2B37CFD6006F9CA4 /* firstViewController.swift in Sources */ = {isa = PBXBuildFile; fileRef = 18878BBA2B37CFD6006F9CA4 /* firstViewController.swift */; };
		18878BBD2B37D8AD006F9CA4 /* TableViewCell.swift in Sources */ = {isa = PBXBuildFile; fileRef = 18878BBC2B37D8AD006F9CA4 /* TableViewCell.swift */; };
/* End PBXBuildFile section */

/* Begin PBXFileReference section */
		18878BA32B37CF7B006F9CA4 /* table_pass_imglal.app */ = {isa = PBXFileReference; explicitFileType = wrapper.application; includeInIndex = 0; path = table_pass_imglal.app; sourceTree = BUILT_PRODUCTS_DIR; };
		18878BA62B37CF7B006F9CA4 /* AppDelegate.swift */ = {isa = PBXFileReference; lastKnownFileType = sourcecode.swift; path = AppDelegate.swift; sourceTree = "<group>"; };
		18878BA82B37CF7B006F9CA4 /* SceneDelegate.swift */ = {isa = PBXFileReference; lastKnownFileType = sourcecode.swift; path = SceneDelegate.swift; sourceTree = "<group>"; };
		18878BAA2B37CF7B006F9CA4 /* ViewController.swift */ = {isa = PBXFileReference; lastKnownFileType = sourcecode.swift; path = ViewController.swift; sourceTree = "<group>"; };
		18878BAD2B37CF7B006F9CA4 /* Base */ = {isa = PBXFileReference; lastKnownFileType = file.storyboard; name = Base; path = Base.lproj/Main.storyboard; sourceTree = "<group>"; };
		18878BAF2B37CF7F006F9CA4 /* Assets.xcassets */ = {isa = PBXFileReference; lastKnownFileType = folder.assetcatalog; path = Assets.xcassets; sourceTree = "<group>"; };
		18878BB22B37CF7F006F9CA4 /* Base */ = {isa = PBXFileReference; lastKnownFileType = file.storyboard; name = Base; path = Base.lproj/LaunchScreen.storyboard; sourceTree = "<group>"; };
		18878BB42B37CF7F006F9CA4 /* Info.plist */ = {isa = PBXFileReference; lastKnownFileType = text.plist.xml; path = Info.plist; sourceTree = "<group>"; };
		18878BBA2B37CFD6006F9CA4 /* firstViewController.swift */ = {isa = PBXFileReference; lastKnownFileType = sourcecode.swift; path = firstViewController.swift; sourceTree = "<group>"; };
		18878BBC2B37D8AD006F9CA4 /* TableViewCell.swift */ = {isa = PBXFileReference; lastKnownFileType = sourcecode.swift; path = TableViewCell.swift; sourceTree = "<group>"; };
/* End PBXFileReference section */

/* Begin PBXFrameworksBuildPhase section */
		18878BA02B37CF7B006F9CA4 /* Frameworks */ = {
			isa = PBXFrameworksBuildPhase;
			buildActionMask = 2147483647;
			files = (
			);
			runOnlyForDeploymentPostprocessing = 0;
		};
/* End PBXFrameworksBuildPhase section */

/* Begin PBXGroup section */
		18878B9A2B37CF7B006F9CA4 = {
			isa = PBXGroup;
			children = (
				18878BA52B37CF7B006F9CA4 /* table_pass_imglal */,
				18878BA42B37CF7B006F9CA4 /* Products */,
			);
			sourceTree = "<group>";
		};
		18878BA42B37CF7B006F9CA4 /* Products */ = {
			isa = PBXGroup;
			children = (
				18878BA32B37CF7B006F9CA4 /* table_pass_imglal.app */,
			);
			name = Products;
			sourceTree = "<group>";
		};
		18878BA52B37CF7B006F9CA4 /* table_pass_imglal */ = {
			isa = PBXGroup;
			children = (
				18878BA62B37CF7B006F9CA4 /* AppDelegate.swift */,
				18878BA82B37CF7B006F9CA4 /* SceneDelegate.swift */,
				18878BAA2B37CF7B006F9CA4 /* ViewController.swift */,
				18878BAC2B37CF7B006F9CA4 /* Main.storyboard */,
				18878BBC2B37D8AD006F9CA4 /* TableViewCell.swift */,
				18878BBA2B37CFD6006F9CA4 /* firstViewController.swift */,
				18878BAF2B37CF7F006F9CA4 /* Assets.xcassets */,
				18878BB12B37CF7F006F9CA4 /* LaunchScreen.storyboard */,
				18878BB42B37CF7F006F9CA4 /* Info.plist */,
			);
			path = table_pass_imglal;
			sourceTree = "<group>";
		};
/* End PBXGroup section */

/* Begin PBXNativeTarget section */
		18878BA22B37CF7B006F9CA4 /* table_pass_imglal */ = {
			isa = PBXNativeTarget;
			buildConfigurationList = 18878BB72B37CF7F006F9CA4 /* Build configuration list for PBXNativeTarget "table_pass_imglal" */;
			buildPhases = (
				18878B9F2B37CF7B006F9CA4 /* Sources */,
				18878BA02B37CF7B006F9CA4 /* Frameworks */,
				18878BA12B37CF7B006F9CA4 /* Resources */,
			);
			buildRules = (
			);
			dependencies = (
			);
			name = table_pass_imglal;
			productName = table_pass_imglal;
			productReference = 18878BA32B37CF7B006F9CA4 /* table_pass_imglal.app */;
			productType = "com.apple.product-type.application";
		};
/* End PBXNativeTarget section */

/* Begin PBXProject section */
		18878B9B2B37CF7B006F9CA4 /* Project object */ = {
			isa = PBXProject;
			attributes = {
				BuildIndependentTargetsInParallel = 1;
				LastSwiftUpdateCheck = 1340;
				LastUpgradeCheck = 1340;
				TargetAttributes = {
					18878BA22B37CF7B006F9CA4 = {
						CreatedOnToolsVersion = 13.4.1;
					};
				};
			};
			buildConfigurationList = 18878B9E2B37CF7B006F9CA4 /* Build configuration list for PBXProject "table_pass_imglal" */;
			compatibilityVersion = "Xcode 13.0";
			developmentRegion = en;
			hasScannedForEncodings = 0;
			knownRegions = (
				en,
				Base,
			);
			mainGroup = 18878B9A2B37CF7B006F9CA4;
			productRefGroup = 18878BA42B37CF7B006F9CA4 /* Products */;
			projectDirPath = "";
			projectRoot = "";
			targets = (
				18878BA22B37CF7B006F9CA4 /* table_pass_imglal */,
			);
		};
/* End PBXProject section */

/* Begin PBXResourcesBuildPhase section */
		18878BA12B37CF7B006F9CA4 /* Resources */ = {
			isa = PBXResourcesBuildPhase;
			buildActionMask = 2147483647;
			files = (
				18878BB32B37CF7F006F9CA4 /* LaunchScreen.storyboard in Resources */,
				18878BB02B37CF7F006F9CA4 /* Assets.xcassets in Resources */,
				18878BAE2B37CF7B006F9CA4 /* Main.storyboard in Resources */,
			);
			runOnlyForDeploymentPostprocessing = 0;
		};
/* End PBXResourcesBuildPhase section */

/* Begin PBXSourcesBuildPhase section */
		18878B9F2B37CF7B006F9CA4 /* Sources */ = {
			isa = PBXSourcesBuildPhase;
			buildActionMask = 2147483647;
			files = (
				18878BBD2B37D8AD006F9CA4 /* TableViewCell.swift in Sources */,
				18878BAB2B37CF7B006F9CA4 /* ViewController.swift in Sources */,
				18878BA72B37CF7B006F9CA4 /* AppDelegate.swift in Sources */,
				18878BA92B37CF7B006F9CA4 /* SceneDelegate.swift in Sources */,
				18878BBB2B37CFD6006F9CA4 /* firstViewController.swift in Sources */,
			);
			runOnlyForDeploymentPostprocessing = 0;
		};
/* End PBXSourcesBuildPhase section */

/* Begin PBXVariantGroup section */
		18878BAC2B37CF7B006F9CA4 /* Main.storyboard */ = {
			isa = PBXVariantGroup;
			children = (
				18878BAD2B37CF7B006F9CA4 /* Base */,
			);
			name = Main.storyboard;
			sourceTree = "<group>";
		};
		18878BB12B37CF7F006F9CA4 /* LaunchScreen.storyboard */ = {
			isa = PBXVariantGroup;
			children = (
				18878BB22B37CF7F006F9CA4 /* Base */,
			);
			name = LaunchScreen.storyboard;
			sourceTree = "<group>";
		};
/* End PBXVariantGroup section */

/* Begin XCBuildConfiguration section */
		18878BB52B37CF7F006F9CA4 /* Debug */ = {
			isa = XCBuildConfiguration;
			buildSettings = {
				ALWAYS_SEARCH_USER_PATHS = NO;
				CLANG_ANALYZER_NONNULL = YES;
				CLANG_ANALYZER_NUMBER_OBJECT_CONVERSION = YES_AGGRESSIVE;
				CLANG_CXX_LANGUAGE_STANDARD = "gnu++17";
				CLANG_ENABLE_MODULES = YES;
				CLANG_ENABLE_OBJC_ARC = YES;
				CLANG_ENABLE_OBJC_WEAK = YES;
				CLANG_WARN_BLOCK_CAPTURE_AUTORELEASING = YES;
				CLANG_WARN_BOOL_CONVERSION = YES;
				CLANG_WARN_COMMA = YES;
				CLANG_WARN_CONSTANT_CONVERSION = YES;
				CLANG_WARN_DEPRECATED_OBJC_IMPLEMENTATIONS = YES;
				CLANG_WARN_DIRECT_OBJC_ISA_USAGE = YES_ERROR;
				CLANG_WARN_DOCUMENTATION_COMMENTS = YES;
				CLANG_WARN_EMPTY_BODY = YES;
				CLANG_WARN_ENUM_CONVERSION = YES;
				CLANG_WARN_INFINITE_RECURSION = YES;
				CLANG_WARN_INT_CONVERSION = YES;
				CLANG_WARN_NON_LITERAL_NULL_CONVERSION = YES;
				CLANG_WARN_OBJC_IMPLICIT_RETAIN_SELF = YES;
				CLANG_WARN_OBJC_LITERAL_CONVERSION = YES;
				CLANG_WARN_OBJC_ROOT_CLASS = YES_ERROR;
				CLANG_WARN_QUOTED_INCLUDE_IN_FRAMEWORK_HEADER = YES;
				CLANG_WARN_RANGE_LOOP_ANALYSIS = YES;
				CLANG_WARN_STRICT_PROTOTYPES = YES;
				CLANG_WARN_SUSPICIOUS_MOVE = YES;
				CLANG_WARN_UNGUARDED_AVAILABILITY = YES_AGGRESSIVE;
				CLANG_WARN_UNREACHABLE_CODE = YES;
				CLANG_WARN__DUPLICATE_METHOD_MATCH = YES;
				COPY_PHASE_STRIP = NO;
				DEBUG_INFORMATION_FORMAT = dwarf;
				ENABLE_STRICT_OBJC_MSGSEND = YES;
				ENABLE_TESTABILITY = YES;
				GCC_C_LANGUAGE_STANDARD = gnu11;
				GCC_DYNAMIC_NO_PIC = NO;
				GCC_NO_COMMON_BLOCKS = YES;
				GCC_OPTIMIZATION_LEVEL = 0;
				GCC_PREPROCESSOR_DEFINITIONS = (
					"DEBUG=1",
					"$(inherited)",
				);
				GCC_WARN_64_TO_32_BIT_CONVERSION = YES;
				GCC_WARN_ABOUT_RETURN_TYPE = YES_ERROR;
				GCC_WARN_UNDECLARED_SELECTOR = YES;
				GCC_WARN_UNINITIALIZED_AUTOS = YES_AGGRESSIVE;
				GCC_WARN_UNUSED_FUNCTION = YES;
				GCC_WARN_UNUSED_VARIABLE = YES;
				IPHONEOS_DEPLOYMENT_TARGET = 15.5;
				MTL_ENABLE_DEBUG_INFO = INCLUDE_SOURCE;
				MTL_FAST_MATH = YES;
				ONLY_ACTIVE_ARCH = YES;
				SDKROOT = iphoneos;
				SWIFT_ACTIVE_COMPILATION_CONDITIONS = DEBUG;
				SWIFT_OPTIMIZATION_LEVEL = "-Onone";
			};
			name = Debug;
		};
		18878BB62B37CF7F006F9CA4 /* Release */ = {
			isa = XCBuildConfiguration;
			buildSettings = {
				ALWAYS_SEARCH_USER_PATHS = NO;
				CLANG_ANALYZER_NONNULL = YES;
				CLANG_ANALYZER_NUMBER_OBJECT_CONVERSION = YES_AGGRESSIVE;
				CLANG_CXX_LANGUAGE_STANDARD = "gnu++17";
				CLANG_ENABLE_MODULES = YES;
				CLANG_ENABLE_OBJC_ARC = YES;
				CLANG_ENABLE_OBJC_WEAK = YES;
				CLANG_WARN_BLOCK_CAPTURE_AUTORELEASING = YES;
				CLANG_WARN_BOOL_CONVERSION = YES;
				CLANG_WARN_COMMA = YES;
				CLANG_WARN_CONSTANT_CONVERSION = YES;
				CLANG_WARN_DEPRECATED_OBJC_IMPLEMENTATIONS = YES;
				CLANG_WARN_DIRECT_OBJC_ISA_USAGE = YES_ERROR;
				CLANG_WARN_DOCUMENTATION_COMMENTS = YES;
				CLANG_WARN_EMPTY_BODY = YES;
				CLANG_WARN_ENUM_CONVERSION = YES;
				CLANG_WARN_INFINITE_RECURSION = YES;
				CLANG_WARN_INT_CONVERSION = YES;
				CLANG_WARN_NON_LITERAL_NULL_CONVERSION = YES;
				CLANG_WARN_OBJC_IMPLICIT_RETAIN_SELF = YES;
				CLANG_WARN_OBJC_LITERAL_CONVERSION = YES;
				CLANG_WARN_OBJC_ROOT_CLASS = YES_ERROR;
				CLANG_WARN_QUOTED_INCLUDE_IN_FRAMEWORK_HEADER = YES;
				CLANG_WARN_RANGE_LOOP_ANALYSIS = YES;
				CLANG_WARN_STRICT_PROTOTYPES = YES;
				CLANG_WARN_SUSPICIOUS_MOVE = YES;
				CLANG_WARN_UNGUARDED_AVAILABILITY = YES_AGGRESSIVE;
				CLANG_WARN_UNREACHABLE_CODE = YES;
				CLANG_WARN__DUPLICATE_METHOD_MATCH = YES;
				COPY_PHASE_STRIP = NO;
				DEBUG_INFORMATION_FORMAT = "dwarf-with-dsym";
				ENABLE_NS_ASSERTIONS = NO;
				ENABLE_STRICT_OBJC_MSGSEND = YES;
				GCC_C_LANGUAGE_STANDARD = gnu11;
				GCC_NO_COMMON_BLOCKS = YES;
				GCC_WARN_64_TO_32_BIT_CONVERSION = YES;
				GCC_WARN_ABOUT_RETURN_TYPE = YES_ERROR;
				GCC_WARN_UNDECLARED_SELECTOR = YES;
				GCC_WARN_UNINITIALIZED_AUTOS = YES_AGGRESSIVE;
				GCC_WARN_UNUSED_FUNCTION = YES;
				GCC_WARN_UNUSED_VARIABLE = YES;
				IPHONEOS_DEPLOYMENT_TARGET = 15.5;
				MTL_ENABLE_DEBUG_INFO = NO;
				MTL_FAST_MATH = YES;
				SDKROOT = iphoneos;
				SWIFT_COMPILATION_MODE = wholemodule;
				SWIFT_OPTIMIZATION_LEVEL = "-O";
				VALIDATE_PRODUCT = YES;
			};
			name = Release;
		};
		18878BB82B37CF7F006F9CA4 /* Debug */ = {
			isa = XCBuildConfiguration;
			buildSettings = {
				ASSETCATALOG_COMPILER_APPICON_NAME = AppIcon;
				ASSETCATALOG_COMPILER_GLOBAL_ACCENT_COLOR_NAME = AccentColor;
				CODE_SIGN_STYLE = Automatic;
				CURRENT_PROJECT_VERSION = 1;
				DEVELOPMENT_TEAM = Y7949476L7;
				GENERATE_INFOPLIST_FILE = YES;
				INFOPLIST_FILE = table_pass_imglal/Info.plist;
				INFOPLIST_KEY_UIApplicationSupportsIndirectInputEvents = YES;
				INFOPLIST_KEY_UILaunchStoryboardName = LaunchScreen;
				INFOPLIST_KEY_UIMainStoryboardFile = Main;
				INFOPLIST_KEY_UISupportedInterfaceOrientations_iPad = "UIInterfaceOrientationPortrait UIInterfaceOrientationPortraitUpsideDown UIInterfaceOrientationLandscapeLeft UIInterfaceOrientationLandscapeRight";
				INFOPLIST_KEY_UISupportedInterfaceOrientations_iPhone = "UIInterfaceOrientationPortrait UIInterfaceOrientationLandscapeLeft UIInterfaceOrientationLandscapeRight";
				LD_RUNPATH_SEARCH_PATHS = (
					"$(inherited)",
					"@executable_path/Frameworks",
				);
				MARKETING_VERSION = 1.0;
				PRODUCT_BUNDLE_IDENTIFIER = "sathish.table-pass-imglal";
				PRODUCT_NAME = "$(TARGET_NAME)";
				SWIFT_EMIT_LOC_STRINGS = YES;
				SWIFT_VERSION = 5.0;
				TARGETED_DEVICE_FAMILY = "1,2";
			};
			name = Debug;
		};
		18878BB92B37CF7F006F9CA4 /* Release */ = {
			isa = XCBuildConfiguration;
			buildSettings = {
				ASSETCATALOG_COMPILER_APPICON_NAME = AppIcon;
				ASSETCATALOG_COMPILER_GLOBAL_ACCENT_COLOR_NAME = AccentColor;
				CODE_SIGN_STYLE = Automatic;
				CURRENT_PROJECT_VERSION = 1;
				DEVELOPMENT_TEAM = Y7949476L7;
				GENERATE_INFOPLIST_FILE = YES;
				INFOPLIST_FILE = table_pass_imglal/Info.plist;
				INFOPLIST_KEY_UIApplicationSupportsIndirectInputEvents = YES;
				INFOPLIST_KEY_UILaunchStoryboardName = LaunchScreen;
				INFOPLIST_KEY_UIMainStoryboardFile = Main;
				INFOPLIST_KEY_UISupportedInterfaceOrientations_iPad = "UIInterfaceOrientationPortrait UIInterfaceOrientationPortraitUpsideDown UIInterfaceOrientationLandscapeLeft UIInterfaceOrientationLandscapeRight";
				INFOPLIST_KEY_UISupportedInterfaceOrientations_iPhone = "UIInterfaceOrientationPortrait UIInterfaceOrientationLandscapeLeft UIInterfaceOrientationLandscapeRight";
				LD_RUNPATH_SEARCH_PATHS = (
					"$(inherited)",
					"@executable_path/Frameworks",
				);
				MARKETING_VERSION = 1.0;
				PRODUCT_BUNDLE_IDENTIFIER = "sathish.table-pass-imglal";
				PRODUCT_NAME = "$(TARGET_NAME)";
				SWIFT_EMIT_LOC_STRINGS = YES;
				SWIFT_VERSION = 5.0;
				TARGETED_DEVICE_FAMILY = "1,2";
			};
			name = Release;
		};
/* End XCBuildConfiguration section */

/* Begin XCConfigurationList section */
		18878B9E2B37CF7B006F9CA4 /* Build configuration list for PBXProject "table_pass_imglal" */ = {
			isa = XCConfigurationList;
			buildConfigurations = (
				18878BB52B37CF7F006F9CA4 /* Debug */,
				18878BB62B37CF7F006F9CA4 /* Release */,
			);
			defaultConfigurationIsVisible = 0;
			defaultConfigurationName = Release;
		};
		18878BB72B37CF7F006F9CA4 /* Build configuration list for PBXNativeTarget "table_pass_imglal" */ = {
			isa = XCConfigurationList;
			buildConfigurations = (
				18878BB82B37CF7F006F9CA4 /* Debug */,
				18878BB92B37CF7F006F9CA4 /* Release */,
			);
			defaultConfigurationIsVisible = 0;
			defaultConfigurationName = Release;
		};
/* End XCConfigurationList section */
	};
	rootObject = 18878B9B2B37CF7B006F9CA4 /* Project object */;
}
